// !$*UTF8*$!
{
	archiveVersion = 1;
	classes = {
	};
	objectVersion = 48;
	objects = {

/* Begin PBXBuildFile section */
		241544BE1FD11D1C007E08EF /* AppDelegate.m in Sources */ = {isa = PBXBuildFile; fileRef = 241544BD1FD11D1C007E08EF /* AppDelegate.m */; };
		241544C11FD11D1C007E08EF /* PHViewController.m in Sources */ = {isa = PBXBuildFile; fileRef = 241544C01FD11D1C007E08EF /* PHViewController.m */; };
		241544C41FD11D1C007E08EF /* Main.storyboard in Resources */ = {isa = PBXBuildFile; fileRef = 241544C21FD11D1C007E08EF /* Main.storyboard */; };
		241544C71FD11D1C007E08EF /* Aquarium_Aquameter_Tracker.xcdatamodeld in Sources */ = {isa = PBXBuildFile; fileRef = 241544C51FD11D1C007E08EF /* Aquarium_Aquameter_Tracker.xcdatamodeld */; };
		241544C91FD11D1C007E08EF /* Assets.xcassets in Resources */ = {isa = PBXBuildFile; fileRef = 241544C81FD11D1C007E08EF /* Assets.xcassets */; };
		241544CC1FD11D1C007E08EF /* LaunchScreen.storyboard in Resources */ = {isa = PBXBuildFile; fileRef = 241544CA1FD11D1C007E08EF /* LaunchScreen.storyboard */; };
		241544CF1FD11D1C007E08EF /* main.m in Sources */ = {isa = PBXBuildFile; fileRef = 241544CE1FD11D1C007E08EF /* main.m */; };
		241544D91FD11D1C007E08EF /* Aquarium_Aquameter_TrackerTests.m in Sources */ = {isa = PBXBuildFile; fileRef = 241544D81FD11D1C007E08EF /* Aquarium_Aquameter_TrackerTests.m */; };
		241544E41FD11D1C007E08EF /* Aquarium_Aquameter_TrackerUITests.m in Sources */ = {isa = PBXBuildFile; fileRef = 241544E31FD11D1C007E08EF /* Aquarium_Aquameter_TrackerUITests.m */; };
		24217C711FDBD6C700B86AF9 /* SharedData.m in Sources */ = {isa = PBXBuildFile; fileRef = 24217C701FDBD6C700B86AF9 /* SharedData.m */; };
		243DE3AE1FD39B9400369DFC /* DetailViewController.m in Sources */ = {isa = PBXBuildFile; fileRef = 243DE3AD1FD39B9400369DFC /* DetailViewController.m */; };
		24FDFC691FD28AC1005DE267 /* CoreData.framework in Frameworks */ = {isa = PBXBuildFile; fileRef = 24FDFC681FD28AC1005DE267 /* CoreData.framework */; };
		9CCC2E1743A9C6C3B82BC1BE /* libPods-Aquarium Aquameter TrackerUITests.a in Frameworks */ = {isa = PBXBuildFile; fileRef = D935C964DCBAC44097F32305 /* libPods-Aquarium Aquameter TrackerUITests.a */; };
		B8607986F586F6AD71F944C7 /* libPods-Aquarium Parameter TrackerUITests.a in Frameworks */ = {isa = PBXBuildFile; fileRef = 5B0AB407D7A23FC7A6985F54 /* libPods-Aquarium Parameter TrackerUITests.a */; };
		CD0153670928FD49FAF6B121 /* libPods-Aquarium Parameter Tracker.a in Frameworks */ = {isa = PBXBuildFile; fileRef = 5DCAF67C4CCEDF448A7496F3 /* libPods-Aquarium Parameter Tracker.a */; };
		CEB15892D8C93FE271BBE69F /* libPods-Aquarium Parameter TrackerTests.a in Frameworks */ = {isa = PBXBuildFile; fileRef = 01C4500174673230FFCB07A0 /* libPods-Aquarium Parameter TrackerTests.a */; };
		DC417A55D74C4FF86DCD6292 /* libPods-Aquarium Aquameter TrackerTests.a in Frameworks */ = {isa = PBXBuildFile; fileRef = 1371F60788AC7BBF710DB920 /* libPods-Aquarium Aquameter TrackerTests.a */; };
/* End PBXBuildFile section */

/* Begin PBXContainerItemProxy section */
		241544D51FD11D1C007E08EF /* PBXContainerItemProxy */ = {
			isa = PBXContainerItemProxy;
			containerPortal = 241544B11FD11D1B007E08EF /* Project object */;
			proxyType = 1;
			remoteGlobalIDString = 241544B81FD11D1B007E08EF;
			remoteInfo = "Aquarium Aquameter Tracker";
		};
		241544E01FD11D1C007E08EF /* PBXContainerItemProxy */ = {
			isa = PBXContainerItemProxy;
			containerPortal = 241544B11FD11D1B007E08EF /* Project object */;
			proxyType = 1;
			remoteGlobalIDString = 241544B81FD11D1B007E08EF;
			remoteInfo = "Aquarium Aquameter Tracker";
		};
/* End PBXContainerItemProxy section */

/* Begin PBXFileReference section */
		01C4500174673230FFCB07A0 /* libPods-Aquarium Parameter TrackerTests.a */ = {isa = PBXFileReference; explicitFileType = archive.ar; includeInIndex = 0; path = "libPods-Aquarium Parameter TrackerTests.a"; sourceTree = BUILT_PRODUCTS_DIR; };
		1371F60788AC7BBF710DB920 /* libPods-Aquarium Aquameter TrackerTests.a */ = {isa = PBXFileReference; explicitFileType = archive.ar; includeInIndex = 0; path = "libPods-Aquarium Aquameter TrackerTests.a"; sourceTree = BUILT_PRODUCTS_DIR; };
		1BE1F3696F0A7ACA6B70A525 /* Pods-Aquarium Parameter TrackerTests.debug.xcconfig */ = {isa = PBXFileReference; includeInIndex = 1; lastKnownFileType = text.xcconfig; name = "Pods-Aquarium Parameter TrackerTests.debug.xcconfig"; path = "Pods/Target Support Files/Pods-Aquarium Parameter TrackerTests/Pods-Aquarium Parameter TrackerTests.debug.xcconfig"; sourceTree = "<group>"; };
		241544B91FD11D1B007E08EF /* Aquarium Parameter Tracker.app */ = {isa = PBXFileReference; explicitFileType = wrapper.application; includeInIndex = 0; path = "Aquarium Parameter Tracker.app"; sourceTree = BUILT_PRODUCTS_DIR; };
		241544BC1FD11D1C007E08EF /* AppDelegate.h */ = {isa = PBXFileReference; lastKnownFileType = sourcecode.c.h; path = AppDelegate.h; sourceTree = "<group>"; };
		241544BD1FD11D1C007E08EF /* AppDelegate.m */ = {isa = PBXFileReference; lastKnownFileType = sourcecode.c.objc; path = AppDelegate.m; sourceTree = "<group>"; };
		241544BF1FD11D1C007E08EF /* PHViewController.h */ = {isa = PBXFileReference; lastKnownFileType = sourcecode.c.h; path = PHViewController.h; sourceTree = "<group>"; };
		241544C01FD11D1C007E08EF /* PHViewController.m */ = {isa = PBXFileReference; lastKnownFileType = sourcecode.c.objc; path = PHViewController.m; sourceTree = "<group>"; };
		241544C31FD11D1C007E08EF /* Base */ = {isa = PBXFileReference; lastKnownFileType = file.storyboard; name = Base; path = Base.lproj/Main.storyboard; sourceTree = "<group>"; };
		241544C61FD11D1C007E08EF /* Aquarium_Aquameter_Tracker.xcdatamodel */ = {isa = PBXFileReference; lastKnownFileType = wrapper.xcdatamodel; path = Aquarium_Aquameter_Tracker.xcdatamodel; sourceTree = "<group>"; };
		241544C81FD11D1C007E08EF /* Assets.xcassets */ = {isa = PBXFileReference; lastKnownFileType = folder.assetcatalog; path = Assets.xcassets; sourceTree = "<group>"; };
		241544CB1FD11D1C007E08EF /* Base */ = {isa = PBXFileReference; lastKnownFileType = file.storyboard; name = Base; path = Base.lproj/LaunchScreen.storyboard; sourceTree = "<group>"; };
		241544CD1FD11D1C007E08EF /* Info.plist */ = {isa = PBXFileReference; lastKnownFileType = text.plist.xml; path = Info.plist; sourceTree = "<group>"; };
		241544CE1FD11D1C007E08EF /* main.m */ = {isa = PBXFileReference; lastKnownFileType = sourcecode.c.objc; path = main.m; sourceTree = "<group>"; };
		241544D41FD11D1C007E08EF /* Aquarium Parameter TrackerTests.xctest */ = {isa = PBXFileReference; explicitFileType = wrapper.cfbundle; includeInIndex = 0; path = "Aquarium Parameter TrackerTests.xctest"; sourceTree = BUILT_PRODUCTS_DIR; };
		241544D81FD11D1C007E08EF /* Aquarium_Aquameter_TrackerTests.m */ = {isa = PBXFileReference; lastKnownFileType = sourcecode.c.objc; path = Aquarium_Aquameter_TrackerTests.m; sourceTree = "<group>"; };
		241544DA1FD11D1C007E08EF /* Info.plist */ = {isa = PBXFileReference; lastKnownFileType = text.plist.xml; path = Info.plist; sourceTree = "<group>"; };
		241544DF1FD11D1C007E08EF /* Aquarium Parameter TrackerUITests.xctest */ = {isa = PBXFileReference; explicitFileType = wrapper.cfbundle; includeInIndex = 0; path = "Aquarium Parameter TrackerUITests.xctest"; sourceTree = BUILT_PRODUCTS_DIR; };
		241544E31FD11D1C007E08EF /* Aquarium_Aquameter_TrackerUITests.m */ = {isa = PBXFileReference; lastKnownFileType = sourcecode.c.objc; path = Aquarium_Aquameter_TrackerUITests.m; sourceTree = "<group>"; };
		241544E51FD11D1C007E08EF /* Info.plist */ = {isa = PBXFileReference; lastKnownFileType = text.plist.xml; path = Info.plist; sourceTree = "<group>"; };
		24217C6F1FDBD6C700B86AF9 /* SharedData.h */ = {isa = PBXFileReference; lastKnownFileType = sourcecode.c.h; path = SharedData.h; sourceTree = "<group>"; };
		24217C701FDBD6C700B86AF9 /* SharedData.m */ = {isa = PBXFileReference; lastKnownFileType = sourcecode.c.objc; path = SharedData.m; sourceTree = "<group>"; };
		243DE3A51FD3753100369DFC /* Aquarium_Aquameter_Tracker 2.xcdatamodel */ = {isa = PBXFileReference; lastKnownFileType = wrapper.xcdatamodel; path = "Aquarium_Aquameter_Tracker 2.xcdatamodel"; sourceTree = "<group>"; };
		243DE3AC1FD39B9400369DFC /* DetailViewController.h */ = {isa = PBXFileReference; lastKnownFileType = sourcecode.c.h; path = DetailViewController.h; sourceTree = "<group>"; };
		243DE3AD1FD39B9400369DFC /* DetailViewController.m */ = {isa = PBXFileReference; lastKnownFileType = sourcecode.c.objc; path = DetailViewController.m; sourceTree = "<group>"; };
		24FDFC681FD28AC1005DE267 /* CoreData.framework */ = {isa = PBXFileReference; lastKnownFileType = wrapper.framework; name = CoreData.framework; path = System/Library/Frameworks/CoreData.framework; sourceTree = SDKROOT; };
		2F44BE2AAD9BC7B00FA3B3EE /* Pods-Aquarium Parameter TrackerTests.release.xcconfig */ = {isa = PBXFileReference; includeInIndex = 1; lastKnownFileType = text.xcconfig; name = "Pods-Aquarium Parameter TrackerTests.release.xcconfig"; path = "Pods/Target Support Files/Pods-Aquarium Parameter TrackerTests/Pods-Aquarium Parameter TrackerTests.release.xcconfig"; sourceTree = "<group>"; };
		38AC58ED59DFC2BDD8B4BDA0 /* Pods-Aquarium Parameter TrackerUITests.debug.xcconfig */ = {isa = PBXFileReference; includeInIndex = 1; lastKnownFileType = text.xcconfig; name = "Pods-Aquarium Parameter TrackerUITests.debug.xcconfig"; path = "Pods/Target Support Files/Pods-Aquarium Parameter TrackerUITests/Pods-Aquarium Parameter TrackerUITests.debug.xcconfig"; sourceTree = "<group>"; };
		4ED1B210D85BD904A156D023 /* Pods-Aquarium Aquameter TrackerTests.debug.xcconfig */ = {isa = PBXFileReference; includeInIndex = 1; lastKnownFileType = text.xcconfig; name = "Pods-Aquarium Aquameter TrackerTests.debug.xcconfig"; path = "Pods/Target Support Files/Pods-Aquarium Aquameter TrackerTests/Pods-Aquarium Aquameter TrackerTests.debug.xcconfig"; sourceTree = "<group>"; };
		5AF7ED0BB2C9B93829BD238B /* Pods-Aquarium Parameter Tracker.debug.xcconfig */ = {isa = PBXFileReference; includeInIndex = 1; lastKnownFileType = text.xcconfig; name = "Pods-Aquarium Parameter Tracker.debug.xcconfig"; path = "Pods/Target Support Files/Pods-Aquarium Parameter Tracker/Pods-Aquarium Parameter Tracker.debug.xcconfig"; sourceTree = "<group>"; };
		5B0AB407D7A23FC7A6985F54 /* libPods-Aquarium Parameter TrackerUITests.a */ = {isa = PBXFileReference; explicitFileType = archive.ar; includeInIndex = 0; path = "libPods-Aquarium Parameter TrackerUITests.a"; sourceTree = BUILT_PRODUCTS_DIR; };
		5DCAF67C4CCEDF448A7496F3 /* libPods-Aquarium Parameter Tracker.a */ = {isa = PBXFileReference; explicitFileType = archive.ar; includeInIndex = 0; path = "libPods-Aquarium Parameter Tracker.a"; sourceTree = BUILT_PRODUCTS_DIR; };
		5FC76A0905DC0DAC1209F8FD /* Pods-Aquarium Parameter TrackerUITests.release.xcconfig */ = {isa = PBXFileReference; includeInIndex = 1; lastKnownFileType = text.xcconfig; name = "Pods-Aquarium Parameter TrackerUITests.release.xcconfig"; path = "Pods/Target Support Files/Pods-Aquarium Parameter TrackerUITests/Pods-Aquarium Parameter TrackerUITests.release.xcconfig"; sourceTree = "<group>"; };
		6580D9B3B7C8F30AB2E22D89 /* Pods-Aquarium Aquameter TrackerTests.release.xcconfig */ = {isa = PBXFileReference; includeInIndex = 1; lastKnownFileType = text.xcconfig; name = "Pods-Aquarium Aquameter TrackerTests.release.xcconfig"; path = "Pods/Target Support Files/Pods-Aquarium Aquameter TrackerTests/Pods-Aquarium Aquameter TrackerTests.release.xcconfig"; sourceTree = "<group>"; };
		7CB6D3C7315734B70BEB7731 /* Pods-Aquarium Aquameter Tracker.release.xcconfig */ = {isa = PBXFileReference; includeInIndex = 1; lastKnownFileType = text.xcconfig; name = "Pods-Aquarium Aquameter Tracker.release.xcconfig"; path = "Pods/Target Support Files/Pods-Aquarium Aquameter Tracker/Pods-Aquarium Aquameter Tracker.release.xcconfig"; sourceTree = "<group>"; };
		82CC45B820DE8028A195C076 /* Pods-Aquarium Aquameter TrackerUITests.debug.xcconfig */ = {isa = PBXFileReference; includeInIndex = 1; lastKnownFileType = text.xcconfig; name = "Pods-Aquarium Aquameter TrackerUITests.debug.xcconfig"; path = "Pods/Target Support Files/Pods-Aquarium Aquameter TrackerUITests/Pods-Aquarium Aquameter TrackerUITests.debug.xcconfig"; sourceTree = "<group>"; };
		AA01D6D2B3253F9AB9F7D67C /* Pods-Aquarium Aquameter TrackerUITests.release.xcconfig */ = {isa = PBXFileReference; includeInIndex = 1; lastKnownFileType = text.xcconfig; name = "Pods-Aquarium Aquameter TrackerUITests.release.xcconfig"; path = "Pods/Target Support Files/Pods-Aquarium Aquameter TrackerUITests/Pods-Aquarium Aquameter TrackerUITests.release.xcconfig"; sourceTree = "<group>"; };
		BF4AE1A251AAFAA056F45D6A /* Pods-Aquarium Parameter Tracker.release.xcconfig */ = {isa = PBXFileReference; includeInIndex = 1; lastKnownFileType = text.xcconfig; name = "Pods-Aquarium Parameter Tracker.release.xcconfig"; path = "Pods/Target Support Files/Pods-Aquarium Parameter Tracker/Pods-Aquarium Parameter Tracker.release.xcconfig"; sourceTree = "<group>"; };
		CCF57489781E3E641D5FEBF3 /* Pods-Aquarium Aquameter Tracker.debug.xcconfig */ = {isa = PBXFileReference; includeInIndex = 1; lastKnownFileType = text.xcconfig; name = "Pods-Aquarium Aquameter Tracker.debug.xcconfig"; path = "Pods/Target Support Files/Pods-Aquarium Aquameter Tracker/Pods-Aquarium Aquameter Tracker.debug.xcconfig"; sourceTree = "<group>"; };
		D935C964DCBAC44097F32305 /* libPods-Aquarium Aquameter TrackerUITests.a */ = {isa = PBXFileReference; explicitFileType = archive.ar; includeInIndex = 0; path = "libPods-Aquarium Aquameter TrackerUITests.a"; sourceTree = BUILT_PRODUCTS_DIR; };
		E3F19F038B2DA737DC9E6887 /* libPods-Aquarium Aquameter Tracker.a */ = {isa = PBXFileReference; explicitFileType = archive.ar; includeInIndex = 0; path = "libPods-Aquarium Aquameter Tracker.a"; sourceTree = BUILT_PRODUCTS_DIR; };
/* End PBXFileReference section */

/* Begin PBXFrameworksBuildPhase section */
		241544B61FD11D1B007E08EF /* Frameworks */ = {
			isa = PBXFrameworksBuildPhase;
			buildActionMask = 2147483647;
			files = (
				24FDFC691FD28AC1005DE267 /* CoreData.framework in Frameworks */,
				CD0153670928FD49FAF6B121 /* libPods-Aquarium Parameter Tracker.a in Frameworks */,
			);
			runOnlyForDeploymentPostprocessing = 0;
		};
		241544D11FD11D1C007E08EF /* Frameworks */ = {
			isa = PBXFrameworksBuildPhase;
			buildActionMask = 2147483647;
			files = (
				DC417A55D74C4FF86DCD6292 /* libPods-Aquarium Aquameter TrackerTests.a in Frameworks */,
				CEB15892D8C93FE271BBE69F /* libPods-Aquarium Parameter TrackerTests.a in Frameworks */,
			);
			runOnlyForDeploymentPostprocessing = 0;
		};
		241544DC1FD11D1C007E08EF /* Frameworks */ = {
			isa = PBXFrameworksBuildPhase;
			buildActionMask = 2147483647;
			files = (
				9CCC2E1743A9C6C3B82BC1BE /* libPods-Aquarium Aquameter TrackerUITests.a in Frameworks */,
				B8607986F586F6AD71F944C7 /* libPods-Aquarium Parameter TrackerUITests.a in Frameworks */,
			);
			runOnlyForDeploymentPostprocessing = 0;
		};
/* End PBXFrameworksBuildPhase section */

/* Begin PBXGroup section */
		17C10FF6B3838144F470B658 /* Frameworks */ = {
			isa = PBXGroup;
			children = (
				24FDFC681FD28AC1005DE267 /* CoreData.framework */,
				E3F19F038B2DA737DC9E6887 /* libPods-Aquarium Aquameter Tracker.a */,
				1371F60788AC7BBF710DB920 /* libPods-Aquarium Aquameter TrackerTests.a */,
				D935C964DCBAC44097F32305 /* libPods-Aquarium Aquameter TrackerUITests.a */,
				5DCAF67C4CCEDF448A7496F3 /* libPods-Aquarium Parameter Tracker.a */,
				01C4500174673230FFCB07A0 /* libPods-Aquarium Parameter TrackerTests.a */,
				5B0AB407D7A23FC7A6985F54 /* libPods-Aquarium Parameter TrackerUITests.a */,
			);
			name = Frameworks;
			sourceTree = "<group>";
		};
		241544B01FD11D1B007E08EF = {
			isa = PBXGroup;
			children = (
				241544BB1FD11D1B007E08EF /* Aquarium Aquameter Tracker */,
				241544D71FD11D1C007E08EF /* Aquarium Aquameter TrackerTests */,
				241544E21FD11D1C007E08EF /* Aquarium Aquameter TrackerUITests */,
				241544BA1FD11D1B007E08EF /* Products */,
				8A16918BF08DC8A0BE061FC5 /* Pods */,
				17C10FF6B3838144F470B658 /* Frameworks */,
			);
			sourceTree = "<group>";
		};
		241544BA1FD11D1B007E08EF /* Products */ = {
			isa = PBXGroup;
			children = (
				241544B91FD11D1B007E08EF /* Aquarium Parameter Tracker.app */,
				241544D41FD11D1C007E08EF /* Aquarium Parameter TrackerTests.xctest */,
				241544DF1FD11D1C007E08EF /* Aquarium Parameter TrackerUITests.xctest */,
			);
			name = Products;
			sourceTree = "<group>";
		};
		241544BB1FD11D1B007E08EF /* Aquarium Aquameter Tracker */ = {
			isa = PBXGroup;
			children = (
				243DE3AB1FD39AEB00369DFC /* Assets */,
				241544BC1FD11D1C007E08EF /* AppDelegate.h */,
				241544BD1FD11D1C007E08EF /* AppDelegate.m */,
				243DE3A91FD39ACA00369DFC /* Model */,
				243DE3AA1FD39AD100369DFC /* Controller */,
				241544CD1FD11D1C007E08EF /* Info.plist */,
				241544CE1FD11D1C007E08EF /* main.m */,
			);
			name = "Aquarium Aquameter Tracker";
			path = "Aquarium Parameter Tracker";
			sourceTree = "<group>";
		};
		241544D71FD11D1C007E08EF /* Aquarium Aquameter TrackerTests */ = {
			isa = PBXGroup;
			children = (
				241544D81FD11D1C007E08EF /* Aquarium_Aquameter_TrackerTests.m */,
				241544DA1FD11D1C007E08EF /* Info.plist */,
			);
			path = "Aquarium Aquameter TrackerTests";
			sourceTree = "<group>";
		};
		241544E21FD11D1C007E08EF /* Aquarium Aquameter TrackerUITests */ = {
			isa = PBXGroup;
			children = (
				241544E31FD11D1C007E08EF /* Aquarium_Aquameter_TrackerUITests.m */,
				241544E51FD11D1C007E08EF /* Info.plist */,
			);
			path = "Aquarium Aquameter TrackerUITests";
			sourceTree = "<group>";
		};
		243DE3A91FD39ACA00369DFC /* Model */ = {
			isa = PBXGroup;
			children = (
				241544C51FD11D1C007E08EF /* Aquarium_Aquameter_Tracker.xcdatamodeld */,
				24217C6F1FDBD6C700B86AF9 /* SharedData.h */,
				24217C701FDBD6C700B86AF9 /* SharedData.m */,
			);
			path = Model;
			sourceTree = "<group>";
		};
		243DE3AA1FD39AD100369DFC /* Controller */ = {
			isa = PBXGroup;
			children = (
				241544BF1FD11D1C007E08EF /* PHViewController.h */,
				241544C01FD11D1C007E08EF /* PHViewController.m */,
				243DE3AC1FD39B9400369DFC /* DetailViewController.h */,
				243DE3AD1FD39B9400369DFC /* DetailViewController.m */,
			);
			path = Controller;
			sourceTree = "<group>";
		};
		243DE3AB1FD39AEB00369DFC /* Assets */ = {
			isa = PBXGroup;
			children = (
				241544C21FD11D1C007E08EF /* Main.storyboard */,
				241544C81FD11D1C007E08EF /* Assets.xcassets */,
				241544CA1FD11D1C007E08EF /* LaunchScreen.storyboard */,
			);
			path = Assets;
			sourceTree = "<group>";
		};
		8A16918BF08DC8A0BE061FC5 /* Pods */ = {
			isa = PBXGroup;
			children = (
				CCF57489781E3E641D5FEBF3 /* Pods-Aquarium Aquameter Tracker.debug.xcconfig */,
				7CB6D3C7315734B70BEB7731 /* Pods-Aquarium Aquameter Tracker.release.xcconfig */,
				4ED1B210D85BD904A156D023 /* Pods-Aquarium Aquameter TrackerTests.debug.xcconfig */,
				6580D9B3B7C8F30AB2E22D89 /* Pods-Aquarium Aquameter TrackerTests.release.xcconfig */,
				82CC45B820DE8028A195C076 /* Pods-Aquarium Aquameter TrackerUITests.debug.xcconfig */,
				AA01D6D2B3253F9AB9F7D67C /* Pods-Aquarium Aquameter TrackerUITests.release.xcconfig */,
				5AF7ED0BB2C9B93829BD238B /* Pods-Aquarium Parameter Tracker.debug.xcconfig */,
				BF4AE1A251AAFAA056F45D6A /* Pods-Aquarium Parameter Tracker.release.xcconfig */,
				1BE1F3696F0A7ACA6B70A525 /* Pods-Aquarium Parameter TrackerTests.debug.xcconfig */,
				2F44BE2AAD9BC7B00FA3B3EE /* Pods-Aquarium Parameter TrackerTests.release.xcconfig */,
				38AC58ED59DFC2BDD8B4BDA0 /* Pods-Aquarium Parameter TrackerUITests.debug.xcconfig */,
				5FC76A0905DC0DAC1209F8FD /* Pods-Aquarium Parameter TrackerUITests.release.xcconfig */,
			);
			name = Pods;
			sourceTree = "<group>";
		};
/* End PBXGroup section */

/* Begin PBXNativeTarget section */
		241544B81FD11D1B007E08EF /* Aquarium Parameter Tracker */ = {
			isa = PBXNativeTarget;
			buildConfigurationList = 241544E81FD11D1C007E08EF /* Build configuration list for PBXNativeTarget "Aquarium Parameter Tracker" */;
			buildPhases = (
				BF7B0BDC066F75A580816D35 /* [CP] Check Pods Manifest.lock */,
				241544B51FD11D1B007E08EF /* Sources */,
				241544B61FD11D1B007E08EF /* Frameworks */,
				241544B71FD11D1B007E08EF /* Resources */,
				363624014907AF71626D1EE6 /* [CP] Embed Pods Frameworks */,
				B6A1AFD5A5F4592AE57BDD82 /* [CP] Copy Pods Resources */,
			);
			buildRules = (
			);
			dependencies = (
			);
			name = "Aquarium Parameter Tracker";
			productName = "Aquarium Aquameter Tracker";
			productReference = 241544B91FD11D1B007E08EF /* Aquarium Parameter Tracker.app */;
			productType = "com.apple.product-type.application";
		};
		241544D31FD11D1C007E08EF /* Aquarium Parameter TrackerTests */ = {
			isa = PBXNativeTarget;
			buildConfigurationList = 241544EB1FD11D1C007E08EF /* Build configuration list for PBXNativeTarget "Aquarium Parameter TrackerTests" */;
			buildPhases = (
				2EC4F04B4E5F099E1602C53F /* [CP] Check Pods Manifest.lock */,
				241544D01FD11D1C007E08EF /* Sources */,
				241544D11FD11D1C007E08EF /* Frameworks */,
				241544D21FD11D1C007E08EF /* Resources */,
				B8A952B0264680454E61796D /* [CP] Embed Pods Frameworks */,
				CA374EDB226331D17772468D /* [CP] Copy Pods Resources */,
			);
			buildRules = (
			);
			dependencies = (
				241544D61FD11D1C007E08EF /* PBXTargetDependency */,
			);
			name = "Aquarium Parameter TrackerTests";
			productName = "Aquarium Aquameter TrackerTests";
			productReference = 241544D41FD11D1C007E08EF /* Aquarium Parameter TrackerTests.xctest */;
			productType = "com.apple.product-type.bundle.unit-test";
		};
		241544DE1FD11D1C007E08EF /* Aquarium Parameter TrackerUITests */ = {
			isa = PBXNativeTarget;
			buildConfigurationList = 241544EE1FD11D1C007E08EF /* Build configuration list for PBXNativeTarget "Aquarium Parameter TrackerUITests" */;
			buildPhases = (
				F3BA4DB8A2CBCD3310CCEC33 /* [CP] Check Pods Manifest.lock */,
				241544DB1FD11D1C007E08EF /* Sources */,
				241544DC1FD11D1C007E08EF /* Frameworks */,
				241544DD1FD11D1C007E08EF /* Resources */,
				3D1AA7538095FCE39846E262 /* [CP] Embed Pods Frameworks */,
				7F65D6FD56BF2019D64454F9 /* [CP] Copy Pods Resources */,
			);
			buildRules = (
			);
			dependencies = (
				241544E11FD11D1C007E08EF /* PBXTargetDependency */,
			);
			name = "Aquarium Parameter TrackerUITests";
			productName = "Aquarium Aquameter TrackerUITests";
			productReference = 241544DF1FD11D1C007E08EF /* Aquarium Parameter TrackerUITests.xctest */;
			productType = "com.apple.product-type.bundle.ui-testing";
		};
/* End PBXNativeTarget section */

/* Begin PBXProject section */
		241544B11FD11D1B007E08EF /* Project object */ = {
			isa = PBXProject;
			attributes = {
				LastUpgradeCheck = 0910;
				ORGANIZATIONNAME = "Duy Le";
				TargetAttributes = {
					241544B81FD11D1B007E08EF = {
						CreatedOnToolsVersion = 9.1;
						ProvisioningStyle = Automatic;
					};
					241544D31FD11D1C007E08EF = {
						CreatedOnToolsVersion = 9.1;
						ProvisioningStyle = Automatic;
						TestTargetID = 241544B81FD11D1B007E08EF;
					};
					241544DE1FD11D1C007E08EF = {
						CreatedOnToolsVersion = 9.1;
						ProvisioningStyle = Automatic;
						TestTargetID = 241544B81FD11D1B007E08EF;
					};
				};
			};
			buildConfigurationList = 241544B41FD11D1B007E08EF /* Build configuration list for PBXProject "Aquarium Parameter Tracker" */;
			compatibilityVersion = "Xcode 8.0";
			developmentRegion = en;
			hasScannedForEncodings = 0;
			knownRegions = (
				en,
				Base,
			);
			mainGroup = 241544B01FD11D1B007E08EF;
			productRefGroup = 241544BA1FD11D1B007E08EF /* Products */;
			projectDirPath = "";
			projectRoot = "";
			targets = (
				241544B81FD11D1B007E08EF /* Aquarium Parameter Tracker */,
				241544D31FD11D1C007E08EF /* Aquarium Parameter TrackerTests */,
				241544DE1FD11D1C007E08EF /* Aquarium Parameter TrackerUITests */,
			);
		};
/* End PBXProject section */

/* Begin PBXResourcesBuildPhase section */
		241544B71FD11D1B007E08EF /* Resources */ = {
			isa = PBXResourcesBuildPhase;
			buildActionMask = 2147483647;
			files = (
				241544CC1FD11D1C007E08EF /* LaunchScreen.storyboard in Resources */,
				241544C91FD11D1C007E08EF /* Assets.xcassets in Resources */,
				241544C41FD11D1C007E08EF /* Main.storyboard in Resources */,
			);
			runOnlyForDeploymentPostprocessing = 0;
		};
		241544D21FD11D1C007E08EF /* Resources */ = {
			isa = PBXResourcesBuildPhase;
			buildActionMask = 2147483647;
			files = (
			);
			runOnlyForDeploymentPostprocessing = 0;
		};
		241544DD1FD11D1C007E08EF /* Resources */ = {
			isa = PBXResourcesBuildPhase;
			buildActionMask = 2147483647;
			files = (
			);
			runOnlyForDeploymentPostprocessing = 0;
		};
/* End PBXResourcesBuildPhase section */

/* Begin PBXShellScriptBuildPhase section */
		2EC4F04B4E5F099E1602C53F /* [CP] Check Pods Manifest.lock */ = {
			isa = PBXShellScriptBuildPhase;
			buildActionMask = 2147483647;
			files = (
			);
			inputPaths = (
				"${PODS_PODFILE_DIR_PATH}/Podfile.lock",
				"${PODS_ROOT}/Manifest.lock",
			);
			name = "[CP] Check Pods Manifest.lock";
			outputPaths = (
				"$(DERIVED_FILE_DIR)/Pods-Aquarium Parameter TrackerTests-checkManifestLockResult.txt",
			);
			runOnlyForDeploymentPostprocessing = 0;
			shellPath = /bin/sh;
			shellScript = "diff \"${PODS_PODFILE_DIR_PATH}/Podfile.lock\" \"${PODS_ROOT}/Manifest.lock\" > /dev/null\nif [ $? != 0 ] ; then\n    # print error to STDERR\n    echo \"error: The sandbox is not in sync with the Podfile.lock. Run 'pod install' or update your CocoaPods installation.\" >&2\n    exit 1\nfi\n# This output is used by Xcode 'outputs' to avoid re-running this script phase.\necho \"SUCCESS\" > \"${SCRIPT_OUTPUT_FILE_0}\"\n";
			showEnvVarsInLog = 0;
		};
		363624014907AF71626D1EE6 /* [CP] Embed Pods Frameworks */ = {
			isa = PBXShellScriptBuildPhase;
			buildActionMask = 2147483647;
			files = (
			);
			inputPaths = (
			);
			name = "[CP] Embed Pods Frameworks";
			outputPaths = (
			);
			runOnlyForDeploymentPostprocessing = 0;
			shellPath = /bin/sh;
			shellScript = "\"${SRCROOT}/Pods/Target Support Files/Pods-Aquarium Parameter Tracker/Pods-Aquarium Parameter Tracker-frameworks.sh\"\n";
			showEnvVarsInLog = 0;
		};
		3D1AA7538095FCE39846E262 /* [CP] Embed Pods Frameworks */ = {
			isa = PBXShellScriptBuildPhase;
			buildActionMask = 2147483647;
			files = (
			);
			inputPaths = (
			);
			name = "[CP] Embed Pods Frameworks";
			outputPaths = (
			);
			runOnlyForDeploymentPostprocessing = 0;
			shellPath = /bin/sh;
			shellScript = "\"${SRCROOT}/Pods/Target Support Files/Pods-Aquarium Parameter TrackerUITests/Pods-Aquarium Parameter TrackerUITests-frameworks.sh\"\n";
			showEnvVarsInLog = 0;
		};
		7F65D6FD56BF2019D64454F9 /* [CP] Copy Pods Resources */ = {
			isa = PBXShellScriptBuildPhase;
			buildActionMask = 2147483647;
			files = (
			);
			inputPaths = (
			);
			name = "[CP] Copy Pods Resources";
			outputPaths = (
			);
			runOnlyForDeploymentPostprocessing = 0;
			shellPath = /bin/sh;
			shellScript = "\"${SRCROOT}/Pods/Target Support Files/Pods-Aquarium Parameter TrackerUITests/Pods-Aquarium Parameter TrackerUITests-resources.sh\"\n";
			showEnvVarsInLog = 0;
		};
		B6A1AFD5A5F4592AE57BDD82 /* [CP] Copy Pods Resources */ = {
			isa = PBXShellScriptBuildPhase;
			buildActionMask = 2147483647;
			files = (
			);
			inputPaths = (
			);
			name = "[CP] Copy Pods Resources";
			outputPaths = (
			);
			runOnlyForDeploymentPostprocessing = 0;
			shellPath = /bin/sh;
			shellScript = "\"${SRCROOT}/Pods/Target Support Files/Pods-Aquarium Parameter Tracker/Pods-Aquarium Parameter Tracker-resources.sh\"\n";
			showEnvVarsInLog = 0;
		};
		B8A952B0264680454E61796D /* [CP] Embed Pods Frameworks */ = {
			isa = PBXShellScriptBuildPhase;
			buildActionMask = 2147483647;
			files = (
			);
			inputPaths = (
			);
			name = "[CP] Embed Pods Frameworks";
			outputPaths = (
			);
			runOnlyForDeploymentPostprocessing = 0;
			shellPath = /bin/sh;
			shellScript = "\"${SRCROOT}/Pods/Target Support Files/Pods-Aquarium Parameter TrackerTests/Pods-Aquarium Parameter TrackerTests-frameworks.sh\"\n";
			showEnvVarsInLog = 0;
		};
		BF7B0BDC066F75A580816D35 /* [CP] Check Pods Manifest.lock */ = {
			isa = PBXShellScriptBuildPhase;
			buildActionMask = 2147483647;
			files = (
			);
			inputPaths = (
				"${PODS_PODFILE_DIR_PATH}/Podfile.lock",
				"${PODS_ROOT}/Manifest.lock",
			);
			name = "[CP] Check Pods Manifest.lock";
			outputPaths = (
				"$(DERIVED_FILE_DIR)/Pods-Aquarium Parameter Tracker-checkManifestLockResult.txt",
			);
			runOnlyForDeploymentPostprocessing = 0;
			shellPath = /bin/sh;
			shellScript = "diff \"${PODS_PODFILE_DIR_PATH}/Podfile.lock\" \"${PODS_ROOT}/Manifest.lock\" > /dev/null\nif [ $? != 0 ] ; then\n    # print error to STDERR\n    echo \"error: The sandbox is not in sync with the Podfile.lock. Run 'pod install' or update your CocoaPods installation.\" >&2\n    exit 1\nfi\n# This output is used by Xcode 'outputs' to avoid re-running this script phase.\necho \"SUCCESS\" > \"${SCRIPT_OUTPUT_FILE_0}\"\n";
			showEnvVarsInLog = 0;
		};
		CA374EDB226331D17772468D /* [CP] Copy Pods Resources */ = {
			isa = PBXShellScriptBuildPhase;
			buildActionMask = 2147483647;
			files = (
			);
			inputPaths = (
			);
			name = "[CP] Copy Pods Resources";
			outputPaths = (
			);
			runOnlyForDeploymentPostprocessing = 0;
			shellPath = /bin/sh;
			shellScript = "\"${SRCROOT}/Pods/Target Support Files/Pods-Aquarium Parameter TrackerTests/Pods-Aquarium Parameter TrackerTests-resources.sh\"\n";
			showEnvVarsInLog = 0;
		};
		F3BA4DB8A2CBCD3310CCEC33 /* [CP] Check Pods Manifest.lock */ = {
			isa = PBXShellScriptBuildPhase;
			buildActionMask = 2147483647;
			files = (
			);
			inputPaths = (
				"${PODS_PODFILE_DIR_PATH}/Podfile.lock",
				"${PODS_ROOT}/Manifest.lock",
			);
			name = "[CP] Check Pods Manifest.lock";
			outputPaths = (
				"$(DERIVED_FILE_DIR)/Pods-Aquarium Parameter TrackerUITests-checkManifestLockResult.txt",
			);
			runOnlyForDeploymentPostprocessing = 0;
			shellPath = /bin/sh;
			shellScript = "diff \"${PODS_PODFILE_DIR_PATH}/Podfile.lock\" \"${PODS_ROOT}/Manifest.lock\" > /dev/null\nif [ $? != 0 ] ; then\n    # print error to STDERR\n    echo \"error: The sandbox is not in sync with the Podfile.lock. Run 'pod install' or update your CocoaPods installation.\" >&2\n    exit 1\nfi\n# This output is used by Xcode 'outputs' to avoid re-running this script phase.\necho \"SUCCESS\" > \"${SCRIPT_OUTPUT_FILE_0}\"\n";
			showEnvVarsInLog = 0;
		};
/* End PBXShellScriptBuildPhase section */

/* Begin PBXSourcesBuildPhase section */
		241544B51FD11D1B007E08EF /* Sources */ = {
			isa = PBXSourcesBuildPhase;
			buildActionMask = 2147483647;
			files = (
				243DE3AE1FD39B9400369DFC /* DetailViewController.m in Sources */,
				241544C71FD11D1C007E08EF /* Aquarium_Aquameter_Tracker.xcdatamodeld in Sources */,
				241544C11FD11D1C007E08EF /* PHViewController.m in Sources */,
				241544CF1FD11D1C007E08EF /* main.m in Sources */,
				24217C711FDBD6C700B86AF9 /* SharedData.m in Sources */,
				241544BE1FD11D1C007E08EF /* AppDelegate.m in Sources */,
			);
			runOnlyForDeploymentPostprocessing = 0;
		};
		241544D01FD11D1C007E08EF /* Sources */ = {
			isa = PBXSourcesBuildPhase;
			buildActionMask = 2147483647;
			files = (
				241544D91FD11D1C007E08EF /* Aquarium_Aquameter_TrackerTests.m in Sources */,
			);
			runOnlyForDeploymentPostprocessing = 0;
		};
		241544DB1FD11D1C007E08EF /* Sources */ = {
			isa = PBXSourcesBuildPhase;
			buildActionMask = 2147483647;
			files = (
				241544E41FD11D1C007E08EF /* Aquarium_Aquameter_TrackerUITests.m in Sources */,
			);
			runOnlyForDeploymentPostprocessing = 0;
		};
/* End PBXSourcesBuildPhase section */

/* Begin PBXTargetDependency section */
		241544D61FD11D1C007E08EF /* PBXTargetDependency */ = {
			isa = PBXTargetDependency;
			target = 241544B81FD11D1B007E08EF /* Aquarium Parameter Tracker */;
			targetProxy = 241544D51FD11D1C007E08EF /* PBXContainerItemProxy */;
		};
		241544E11FD11D1C007E08EF /* PBXTargetDependency */ = {
			isa = PBXTargetDependency;
			target = 241544B81FD11D1B007E08EF /* Aquarium Parameter Tracker */;
			targetProxy = 241544E01FD11D1C007E08EF /* PBXContainerItemProxy */;
		};
/* End PBXTargetDependency section */

/* Begin PBXVariantGroup section */
		241544C21FD11D1C007E08EF /* Main.storyboard */ = {
			isa = PBXVariantGroup;
			children = (
				241544C31FD11D1C007E08EF /* Base */,
			);
			name = Main.storyboard;
			sourceTree = "<group>";
		};
		241544CA1FD11D1C007E08EF /* LaunchScreen.storyboard */ = {
			isa = PBXVariantGroup;
			children = (
				241544CB1FD11D1C007E08EF /* Base */,
			);
			name = LaunchScreen.storyboard;
			sourceTree = "<group>";
		};
/* End PBXVariantGroup section */

/* Begin XCBuildConfiguration section */
		241544E61FD11D1C007E08EF /* Debug */ = {
			isa = XCBuildConfiguration;
			buildSettings = {
				ALWAYS_SEARCH_USER_PATHS = NO;
				CLANG_ANALYZER_NONNULL = YES;
				CLANG_ANALYZER_NUMBER_OBJECT_CONVERSION = YES_AGGRESSIVE;
				CLANG_CXX_LANGUAGE_STANDARD = "gnu++14";
				CLANG_CXX_LIBRARY = "libc++";
				CLANG_ENABLE_MODULES = YES;
				CLANG_ENABLE_OBJC_ARC = YES;
				CLANG_WARN_BLOCK_CAPTURE_AUTORELEASING = YES;
				CLANG_WARN_BOOL_CONVERSION = YES;
				CLANG_WARN_COMMA = YES;
				CLANG_WARN_CONSTANT_CONVERSION = YES;
				CLANG_WARN_DIRECT_OBJC_ISA_USAGE = YES_ERROR;
				CLANG_WARN_DOCUMENTATION_COMMENTS = YES;
				CLANG_WARN_EMPTY_BODY = YES;
				CLANG_WARN_ENUM_CONVERSION = YES;
				CLANG_WARN_INFINITE_RECURSION = YES;
				CLANG_WARN_INT_CONVERSION = YES;
				CLANG_WARN_NON_LITERAL_NULL_CONVERSION = YES;
				CLANG_WARN_OBJC_LITERAL_CONVERSION = YES;
				CLANG_WARN_OBJC_ROOT_CLASS = YES_ERROR;
				CLANG_WARN_RANGE_LOOP_ANALYSIS = YES;
				CLANG_WARN_STRICT_PROTOTYPES = YES;
				CLANG_WARN_SUSPICIOUS_MOVE = YES;
				CLANG_WARN_UNGUARDED_AVAILABILITY = YES_AGGRESSIVE;
				CLANG_WARN_UNREACHABLE_CODE = YES;
				CLANG_WARN__DUPLICATE_METHOD_MATCH = YES;
				CODE_SIGN_IDENTITY = "iPhone Developer";
				COPY_PHASE_STRIP = NO;
				DEBUG_INFORMATION_FORMAT = dwarf;
				ENABLE_STRICT_OBJC_MSGSEND = YES;
				ENABLE_TESTABILITY = YES;
				GCC_C_LANGUAGE_STANDARD = gnu11;
				GCC_DYNAMIC_NO_PIC = NO;
				GCC_NO_COMMON_BLOCKS = YES;
				GCC_OPTIMIZATION_LEVEL = 0;
				GCC_PREPROCESSOR_DEFINITIONS = (
					"DEBUG=1",
					"$(inherited)",
				);
				GCC_WARN_64_TO_32_BIT_CONVERSION = YES;
				GCC_WARN_ABOUT_RETURN_TYPE = YES_ERROR;
				GCC_WARN_UNDECLARED_SELECTOR = YES;
				GCC_WARN_UNINITIALIZED_AUTOS = YES_AGGRESSIVE;
				GCC_WARN_UNUSED_FUNCTION = YES;
				GCC_WARN_UNUSED_VARIABLE = YES;
				IPHONEOS_DEPLOYMENT_TARGET = 11.1;
				MTL_ENABLE_DEBUG_INFO = YES;
				ONLY_ACTIVE_ARCH = YES;
				SDKROOT = iphoneos;
			};
			name = Debug;
		};
		241544E71FD11D1C007E08EF /* Release */ = {
			isa = XCBuildConfiguration;
			buildSettings = {
				ALWAYS_SEARCH_USER_PATHS = NO;
				CLANG_ANALYZER_NONNULL = YES;
				CLANG_ANALYZER_NUMBER_OBJECT_CONVERSION = YES_AGGRESSIVE;
				CLANG_CXX_LANGUAGE_STANDARD = "gnu++14";
				CLANG_CXX_LIBRARY = "libc++";
				CLANG_ENABLE_MODULES = YES;
				CLANG_ENABLE_OBJC_ARC = YES;
				CLANG_WARN_BLOCK_CAPTURE_AUTORELEASING = YES;
				CLANG_WARN_BOOL_CONVERSION = YES;
				CLANG_WARN_COMMA = YES;
				CLANG_WARN_CONSTANT_CONVERSION = YES;
				CLANG_WARN_DIRECT_OBJC_ISA_USAGE = YES_ERROR;
				CLANG_WARN_DOCUMENTATION_COMMENTS = YES;
				CLANG_WARN_EMPTY_BODY = YES;
				CLANG_WARN_ENUM_CONVERSION = YES;
				CLANG_WARN_INFINITE_RECURSION = YES;
				CLANG_WARN_INT_CONVERSION = YES;
				CLANG_WARN_NON_LITERAL_NULL_CONVERSION = YES;
				CLANG_WARN_OBJC_LITERAL_CONVERSION = YES;
				CLANG_WARN_OBJC_ROOT_CLASS = YES_ERROR;
				CLANG_WARN_RANGE_LOOP_ANALYSIS = YES;
				CLANG_WARN_STRICT_PROTOTYPES = YES;
				CLANG_WARN_SUSPICIOUS_MOVE = YES;
				CLANG_WARN_UNGUARDED_AVAILABILITY = YES_AGGRESSIVE;
				CLANG_WARN_UNREACHABLE_CODE = YES;
				CLANG_WARN__DUPLICATE_METHOD_MATCH = YES;
				CODE_SIGN_IDENTITY = "iPhone Developer";
				COPY_PHASE_STRIP = NO;
				DEBUG_INFORMATION_FORMAT = "dwarf-with-dsym";
				ENABLE_NS_ASSERTIONS = NO;
				ENABLE_STRICT_OBJC_MSGSEND = YES;
				GCC_C_LANGUAGE_STANDARD = gnu11;
				GCC_NO_COMMON_BLOCKS = YES;
				GCC_WARN_64_TO_32_BIT_CONVERSION = YES;
				GCC_WARN_ABOUT_RETURN_TYPE = YES_ERROR;
				GCC_WARN_UNDECLARED_SELECTOR = YES;
				GCC_WARN_UNINITIALIZED_AUTOS = YES_AGGRESSIVE;
				GCC_WARN_UNUSED_FUNCTION = YES;
				GCC_WARN_UNUSED_VARIABLE = YES;
				IPHONEOS_DEPLOYMENT_TARGET = 11.1;
				MTL_ENABLE_DEBUG_INFO = NO;
				SDKROOT = iphoneos;
				VALIDATE_PRODUCT = YES;
			};
			name = Release;
		};
		241544E91FD11D1C007E08EF /* Debug */ = {
			isa = XCBuildConfiguration;
			baseConfigurationReference = 5AF7ED0BB2C9B93829BD238B /* Pods-Aquarium Parameter Tracker.debug.xcconfig */;
			buildSettings = {
				ASSETCATALOG_COMPILER_APPICON_NAME = AppIcon;
				CODE_SIGN_STYLE = Automatic;
				DEVELOPMENT_TEAM = Y692F89PT8;
				INFOPLIST_FILE = "Aquarium Parameter Tracker/Info.plist";
				IPHONEOS_DEPLOYMENT_TARGET = 10.3;
				LD_RUNPATH_SEARCH_PATHS = "$(inherited) @executable_path/Frameworks";
				LIBRARY_SEARCH_PATHS = (
					"$(inherited)",
					"\"$PODS_CONFIGURATION_BUILD_DIR/PNChart\"",
					"\"$PODS_CONFIGURATION_BUILD_DIR/UICountingLabel\"",
				);
				PRODUCT_BUNDLE_IDENTIFIER = "Duy-Le.Aquarium-Parameter-Tracker";
				PRODUCT_NAME = "$(TARGET_NAME)";
				TARGETED_DEVICE_FAMILY = "1,2";
			};
			name = Debug;
		};
		241544EA1FD11D1C007E08EF /* Release */ = {
			isa = XCBuildConfiguration;
			baseConfigurationReference = BF4AE1A251AAFAA056F45D6A /* Pods-Aquarium Parameter Tracker.release.xcconfig */;
			buildSettings = {
				ASSETCATALOG_COMPILER_APPICON_NAME = AppIcon;
				CODE_SIGN_STYLE = Automatic;
				DEVELOPMENT_TEAM = Y692F89PT8;
				INFOPLIST_FILE = "Aquarium Parameter Tracker/Info.plist";
				IPHONEOS_DEPLOYMENT_TARGET = 10.3;
				LD_RUNPATH_SEARCH_PATHS = "$(inherited) @executable_path/Frameworks";
				LIBRARY_SEARCH_PATHS = (
					"$(inherited)",
					"\"$PODS_CONFIGURATION_BUILD_DIR/PNChart\"",
					"\"$PODS_CONFIGURATION_BUILD_DIR/UICountingLabel\"",
				);
				PRODUCT_BUNDLE_IDENTIFIER = "Duy-Le.Aquarium-Parameter-Tracker";
				PRODUCT_NAME = "$(TARGET_NAME)";
				TARGETED_DEVICE_FAMILY = "1,2";
			};
			name = Release;
		};
		241544EC1FD11D1C007E08EF /* Debug */ = {
			isa = XCBuildConfiguration;
			baseConfigurationReference = 1BE1F3696F0A7ACA6B70A525 /* Pods-Aquarium Parameter TrackerTests.debug.xcconfig */;
			buildSettings = {
				BUNDLE_LOADER = "$(TEST_HOST)";
				CODE_SIGN_STYLE = Automatic;
				DEVELOPMENT_TEAM = Y692F89PT8;
				INFOPLIST_FILE = "Aquarium Aquameter TrackerTests/Info.plist";
				LD_RUNPATH_SEARCH_PATHS = "$(inherited) @executable_path/Frameworks @loader_path/Frameworks";
				PRODUCT_BUNDLE_IDENTIFIER = "Duy-Le.Aquarium-Aquameter-TrackerTests";
				PRODUCT_NAME = "$(TARGET_NAME)";
				TARGETED_DEVICE_FAMILY = "1,2";
				TEST_HOST = "$(BUILT_PRODUCTS_DIR)/Aquarium Parameter Tracker.app/Aquarium Parameter Tracker";
			};
			name = Debug;
		};
		241544ED1FD11D1C007E08EF /* Release */ = {
			isa = XCBuildConfiguration;
			baseConfigurationReference = 2F44BE2AAD9BC7B00FA3B3EE /* Pods-Aquarium Parameter TrackerTests.release.xcconfig */;
			buildSettings = {
				BUNDLE_LOADER = "$(TEST_HOST)";
				CODE_SIGN_STYLE = Automatic;
				DEVELOPMENT_TEAM = Y692F89PT8;
				INFOPLIST_FILE = "Aquarium Aquameter TrackerTests/Info.plist";
				LD_RUNPATH_SEARCH_PATHS = "$(inherited) @executable_path/Frameworks @loader_path/Frameworks";
				PRODUCT_BUNDLE_IDENTIFIER = "Duy-Le.Aquarium-Aquameter-TrackerTests";
				PRODUCT_NAME = "$(TARGET_NAME)";
				TARGETED_DEVICE_FAMILY = "1,2";
				TEST_HOST = "$(BUILT_PRODUCTS_DIR)/Aquarium Parameter Tracker.app/Aquarium Parameter Tracker";
			};
			name = Release;
		};
		241544EF1FD11D1C007E08EF /* Debug */ = {
			isa = XCBuildConfiguration;
			baseConfigurationReference = 38AC58ED59DFC2BDD8B4BDA0 /* Pods-Aquarium Parameter TrackerUITests.debug.xcconfig */;
			buildSettings = {
				CODE_SIGN_STYLE = Automatic;
				DEVELOPMENT_TEAM = Y692F89PT8;
				INFOPLIST_FILE = "Aquarium Aquameter TrackerUITests/Info.plist";
				LD_RUNPATH_SEARCH_PATHS = "$(inherited) @executable_path/Frameworks @loader_path/Frameworks";
				PRODUCT_BUNDLE_IDENTIFIER = "Duy-Le.Aquarium-Aquameter-TrackerUITests";
				PRODUCT_NAME = "$(TARGET_NAME)";
				TARGETED_DEVICE_FAMILY = "1,2";
				TEST_TARGET_NAME = "Aquarium Aquameter Tracker";
			};
			name = Debug;
		};
		241544F01FD11D1C007E08EF /* Release */ = {
			isa = XCBuildConfiguration;
			baseConfigurationReference = 5FC76A0905DC0DAC1209F8FD /* Pods-Aquarium Parameter TrackerUITests.release.xcconfig */;
			buildSettings = {
				CODE_SIGN_STYLE = Automatic;
				DEVELOPMENT_TEAM = Y692F89PT8;
				INFOPLIST_FILE = "Aquarium Aquameter TrackerUITests/Info.plist";
				LD_RUNPATH_SEARCH_PATHS = "$(inherited) @executable_path/Frameworks @loader_path/Frameworks";
				PRODUCT_BUNDLE_IDENTIFIER = "Duy-Le.Aquarium-Aquameter-TrackerUITests";
				PRODUCT_NAME = "$(TARGET_NAME)";
				TARGETED_DEVICE_FAMILY = "1,2";
				TEST_TARGET_NAME = "Aquarium Aquameter Tracker";
			};
			name = Release;
		};
/* End XCBuildConfiguration section */

/* Begin XCConfigurationList section */
		241544B41FD11D1B007E08EF /* Build configuration list for PBXProject "Aquarium Parameter Tracker" */ = {
			isa = XCConfigurationList;
			buildConfigurations = (
				241544E61FD11D1C007E08EF /* Debug */,
				241544E71FD11D1C007E08EF /* Release */,
			);
			defaultConfigurationIsVisible = 0;
			defaultConfigurationName = Release;
		};
		241544E81FD11D1C007E08EF /* Build configuration list for PBXNativeTarget "Aquarium Parameter Tracker" */ = {
			isa = XCConfigurationList;
			buildConfigurations = (
				241544E91FD11D1C007E08EF /* Debug */,
				241544EA1FD11D1C007E08EF /* Release */,
			);
			defaultConfigurationIsVisible = 0;
			defaultConfigurationName = Release;
		};
		241544EB1FD11D1C007E08EF /* Build configuration list for PBXNativeTarget "Aquarium Parameter TrackerTests" */ = {
			isa = XCConfigurationList;
			buildConfigurations = (
				241544EC1FD11D1C007E08EF /* Debug */,
				241544ED1FD11D1C007E08EF /* Release */,
			);
			defaultConfigurationIsVisible = 0;
			defaultConfigurationName = Release;
		};
		241544EE1FD11D1C007E08EF /* Build configuration list for PBXNativeTarget "Aquarium Parameter TrackerUITests" */ = {
			isa = XCConfigurationList;
			buildConfigurations = (
				241544EF1FD11D1C007E08EF /* Debug */,
				241544F01FD11D1C007E08EF /* Release */,
			);
			defaultConfigurationIsVisible = 0;
			defaultConfigurationName = Release;
		};
/* End XCConfigurationList section */

/* Begin XCVersionGroup section */
		241544C51FD11D1C007E08EF /* Aquarium_Aquameter_Tracker.xcdatamodeld */ = {
			isa = XCVersionGroup;
			children = (
				243DE3A51FD3753100369DFC /* Aquarium_Aquameter_Tracker 2.xcdatamodel */,
				241544C61FD11D1C007E08EF /* Aquarium_Aquameter_Tracker.xcdatamodel */,
			);
			currentVersion = 243DE3A51FD3753100369DFC /* Aquarium_Aquameter_Tracker 2.xcdatamodel */;
			path = Aquarium_Aquameter_Tracker.xcdatamodeld;
			sourceTree = "<group>";
			versionGroupType = wrapper.xcdatamodel;
		};
/* End XCVersionGroup section */
	};
	rootObject = 241544B11FD11D1B007E08EF /* Project object */;
}
